# SPDX-License-Identifier: Apache-2.0
#
# Copyright 2023 The Enola <https://enola.dev> Authors
#
# Licensed under the Apache License, Version 2.0 (the "License");
# you may not use this file except in compliance with the License.
# You may obtain a copy of the License at
#
#     https://www.apache.org/licenses/LICENSE-2.0
#
# Unless required by applicable law or agreed to in writing, software
# distributed under the License is distributed on an "AS IS" BASIS,
# WITHOUT WARRANTIES OR CONDITIONS OF ANY KIND, either express or implied.
# See the License for the specific language governing permissions and
# limitations under the License.

lockfileVersion: "6.0"

settings:
  autoInstallPeers: true
  excludeLinksFromLockfile: false

devDependencies:
  html-validate:
    specifier: ^8.7.4
    version: 8.7.4
  typescript:
    specifier: ^5.3.3
    version: 5.3.3

packages:
  /@babel/code-frame@7.23.5:
    resolution:
      { integrity: sha512-CgH3s1a96LipHCmSUmYFPwY7MNx8C3avkq7i4Wl3cfa662ldtUe4VM1TPXX70pfmrlWTb6jLqTYrZyT2ZTJBgA== }
    engines: { node: ">=6.9.0" }
    dependencies:
      "@babel/highlight": 7.23.4
      chalk: 2.4.2
    dev: true

  /@babel/helper-validator-identifier@7.22.20:
    resolution:
      { integrity: sha512-Y4OZ+ytlatR8AI+8KZfKuL5urKp7qey08ha31L8b3BwewJAoJamTzyvxPR/5D+KkdJCGPq/+8TukHBlY10FX9A== }
    engines: { node: ">=6.9.0" }
    dev: true

  /@babel/highlight@7.23.4:
    resolution:
      { integrity: sha512-acGdbYSfp2WheJoJm/EBBBLh/ID8KDc64ISZ9DYtBmC8/Q204PZJLHyzeB5qMzJ5trcOkybd78M4x2KWsUq++A== }
    engines: { node: ">=6.9.0" }
    dependencies:
      "@babel/helper-validator-identifier": 7.22.20
      chalk: 2.4.2
      js-tokens: 4.0.0
    dev: true

  /@html-validate/stylish@4.2.0:
    resolution:
      { integrity: sha512-Nl8HCv0hGRSLQ+n1OD4Hk3a+Urwk9HH0vQkAzzCarT4KlA7bRl+6xEiS5PZVwOmjtC7XiH/oNe3as9Fxcr2A1w== }
    engines: { node: ">= 16" }
    dependencies:
      kleur: 4.1.5
    dev: true

  /@isaacs/cliui@8.0.2:
    resolution:
      { integrity: sha512-O8jcjabXaleOG9DQ0+ARXWZBTfnP4WNAqzuiJK7ll44AmxGKv/J2M4TPjxjY3znBCfvBXFzucm1twdyFybFqEA== }
    engines: { node: ">=12" }
    dependencies:
      string-width: 5.1.2
      string-width-cjs: /string-width@4.2.3
      strip-ansi: 7.1.0
      strip-ansi-cjs: /strip-ansi@6.0.1
      wrap-ansi: 8.1.0
      wrap-ansi-cjs: /wrap-ansi@7.0.0
    dev: true

  /@pkgjs/parseargs@0.11.0:
    resolution:
      { integrity: sha512-+1VkjdD0QBLPodGrJUeqarH8VAIvQODIbwh9XpP5Syisf7YoQgsJKPNFoqqLQlu+VQ/tVSshMR6loPMn8U+dPg== }
    engines: { node: ">=14" }
    requiresBuild: true
    dev: true
    optional: true

  /@sidvind/better-ajv-errors@2.1.3(ajv@8.12.0):
    resolution:
      { integrity: sha512-lWuod/rh7Xz5uXiEGSfm2Sd5PG7K/6yJfoAZVqzsEswjPJhUz15R7Gn/o8RczA041QS15hBd/BCSeu9vwPArkA== }
    engines: { node: ">= 16.14" }
    peerDependencies:
      ajv: 4.11.8 - 8
    dependencies:
      "@babel/code-frame": 7.23.5
      ajv: 8.12.0
      chalk: 4.1.2
    dev: true

  /ajv@8.12.0:
    resolution:
      { integrity: sha512-sRu1kpcO9yLtYxBKvqfTeh9KzZEwO3STyX1HT+4CaDzC6HpTGYhIhPIzj9XuKU7KYDwnaeh5hcOwjy1QuJzBPA== }
    dependencies:
      fast-deep-equal: 3.1.3
      json-schema-traverse: 1.0.0
      require-from-string: 2.0.2
      uri-js: 4.4.1
    dev: true

  /ansi-regex@5.0.1:
    resolution:
      { integrity: sha512-quJQXlTSUGL2LH9SUXo8VwsY4soanhgo6LNSm84E1LBcE8s3O0wpdiRzyR9z/ZZJMlMWv37qOOb9pdJlMUEKFQ== }
    engines: { node: ">=8" }
    dev: true

  /ansi-regex@6.0.1:
    resolution:
      { integrity: sha512-n5M855fKb2SsfMIiFFoVrABHJC8QtHwVx+mHWP3QcEqBHYienj5dHSgjbxtC0WEZXYt4wcD6zrQElDPhFuZgfA== }
    engines: { node: ">=12" }
    dev: true

  /ansi-styles@3.2.1:
    resolution:
      { integrity: sha512-VT0ZI6kZRdTh8YyJw3SMbYm/u+NqfsAxEpWO0Pf9sq8/e94WxxOpPKx9FR1FlyCtOVDNOQ+8ntlqFxiRc+r5qA== }
    engines: { node: ">=4" }
    dependencies:
      color-convert: 1.9.3
    dev: true

  /ansi-styles@4.3.0:
    resolution:
      { integrity: sha512-zbB9rCJAT1rbjiVDb2hqKFHNYLxgtk8NURxZ3IZwD3F6NtxbXZQCnnSi1Lkx+IDohdPlFp222wVALIheZJQSEg== }
    engines: { node: ">=8" }
    dependencies:
      color-convert: 2.0.1
    dev: true

  /ansi-styles@6.2.1:
    resolution:
      { integrity: sha512-bN798gFfQX+viw3R7yrGWRqnrN2oRkEkUjjl4JNn4E8GxxbjtG3FbrEIIY3l8/hrwUwIeCZvi4QuOTP4MErVug== }
    engines: { node: ">=12" }
    dev: true

  /balanced-match@1.0.2:
    resolution:
      { integrity: sha512-3oSeUO0TMV67hN1AmbXsK4yaqU7tjiHlbxRDZOpH0KW9+CeX4bRAaX0Anxt0tx2MrpRpWwQaPwIlISEJhYU5Pw== }
    dev: true

  /brace-expansion@2.0.1:
    resolution:
      { integrity: sha512-XnAIvQ8eM+kC6aULx6wuQiwVsnzsi9d3WxzV3FpWTGA19F621kwdbsAcFKXgKUHZWsy+mY6iL1sHTxWEFCytDA== }
    dependencies:
      balanced-match: 1.0.2
    dev: true

  /chalk@2.4.2:
    resolution:
      { integrity: sha512-Mti+f9lpJNcwF4tWV8/OrTTtF1gZi+f8FqlyAdouralcFWFQWF2+NgCHShjkCb+IFBLq9buZwE1xckQU4peSuQ== }
    engines: { node: ">=4" }
    dependencies:
      ansi-styles: 3.2.1
      escape-string-regexp: 1.0.5
      supports-color: 5.5.0
    dev: true

  /chalk@4.1.2:
    resolution:
      { integrity: sha512-oKnbhFyRIXpUuez8iBMmyEa4nbj4IOQyuhc/wy9kY7/WVPcwIO9VA668Pu8RkO7+0G76SLROeyw9CpQ061i4mA== }
    engines: { node: ">=10" }
    dependencies:
      ansi-styles: 4.3.0
      supports-color: 7.2.0
    dev: true

  /color-convert@1.9.3:
    resolution:
      { integrity: sha512-QfAUtd+vFdAtFQcC8CCyYt1fYWxSqAiK2cSD6zDB8N3cpsEBAvRxp9zOGg6G/SHHJYAT88/az/IuDGALsNVbGg== }
    dependencies:
      color-name: 1.1.3
    dev: true

  /color-convert@2.0.1:
    resolution:
      { integrity: sha512-RRECPsj7iu/xb5oKYcsFHSppFNnsj/52OVTRKb4zP5onXwVF3zVmmToNcOfGC+CRDpfK/U584fMg38ZHCaElKQ== }
    engines: { node: ">=7.0.0" }
    dependencies:
      color-name: 1.1.4
    dev: true

  /color-name@1.1.3:
    resolution:
      { integrity: sha512-72fSenhMw2HZMTVHeCA9KCmpEIbzWiQsjN+BHcBbS9vr1mtt+vJjPdksIBNUmKAW8TFUDPJK5SUU3QhE9NEXDw== }
    dev: true

  /color-name@1.1.4:
    resolution:
      { integrity: sha512-dOy+3AuW3a2wNbZHIuMZpTcgjGuLU/uBL/ubcZF9OXbDo8ff4O8yVp5Bf0efS8uEoYo5q4Fx7dY9OgQGXgAsQA== }
    dev: true

  /cross-spawn@7.0.3:
    resolution:
      { integrity: sha512-iRDPJKUPVEND7dHPO8rkbOnPpyDygcDFtWjpeWNCgy8WP2rXcxXL8TskReQl6OrB2G7+UJrags1q15Fudc7G6w== }
    engines: { node: ">= 8" }
    dependencies:
      path-key: 3.1.1
      shebang-command: 2.0.0
      which: 2.0.2
    dev: true

  /deepmerge@4.3.1:
    resolution:
      { integrity: sha512-3sUqbMEc77XqpdNO7FRyRog+eW3ph+GYCbj+rK+uYyRMuwsVy0rMiVtPn+QJlKFvWP/1PYpapqYn0Me2knFn+A== }
    engines: { node: ">=0.10.0" }
    dev: true

  /eastasianwidth@0.2.0:
    resolution:
      { integrity: sha512-I88TYZWc9XiYHRQ4/3c5rjjfgkjhLyW2luGIheGERbNQ6OY7yTybanSpDXZa8y7VUP9YmDcYa+eyq4ca7iLqWA== }
    dev: true

  /emoji-regex@8.0.0:
    resolution:
      { integrity: sha512-MSjYzcWNOA0ewAHpz0MxpYFvwg6yjy1NG3xteoqz644VCo/RPgnr1/GGt+ic3iJTzQ8Eu3TdM14SawnVUmGE6A== }
    dev: true

  /emoji-regex@9.2.2:
    resolution:
      { integrity: sha512-L18DaJsXSUk2+42pv8mLs5jJT2hqFkFE4j21wOmgbUqsZ2hL72NsUU785g9RXgo3s0ZNgVl42TiHp3ZtOv/Vyg== }
    dev: true

  /escape-string-regexp@1.0.5:
    resolution:
      { integrity: sha512-vbRorB5FUQWvla16U8R/qgaFIya2qGzwDrNmCZuYKrbdSUMG6I1ZCGQRefkRVhuOkIGVne7BQ35DSfo1qvJqFg== }
    engines: { node: ">=0.8.0" }
    dev: true

  /fast-deep-equal@3.1.3:
    resolution:
      { integrity: sha512-f3qQ9oQy9j2AhBe/H9VC91wLmKBCCU/gDOnKNAYG5hswO7BLKj09Hc5HYNz9cGI++xlpDCIgDaitVs03ATR84Q== }
    dev: true

  /foreground-child@3.1.1:
    resolution:
      { integrity: sha512-TMKDUnIte6bfb5nWv7V/caI169OHgvwjb7V4WkeUvbQQdjr5rWKqHFiKWb/fcOwB+CzBT+qbWjvj+DVwRskpIg== }
    engines: { node: ">=14" }
    dependencies:
      cross-spawn: 7.0.3
      signal-exit: 4.1.0
    dev: true

  /glob@10.3.10:
    resolution:
      { integrity: sha512-fa46+tv1Ak0UPK1TOy/pZrIybNNt4HCv7SDzwyfiOZkvZLEbjsZkJBPtDHVshZjbecAoAGSC20MjLDG/qr679g== }
    engines: { node: ">=16 || 14 >=14.17" }
    hasBin: true
    dependencies:
      foreground-child: 3.1.1
      jackspeak: 2.3.6
      minimatch: 9.0.3
      minipass: 7.0.4
      path-scurry: 1.10.1
    dev: true

  /has-flag@3.0.0:
    resolution:
      { integrity: sha512-sKJf1+ceQBr4SMkvQnBDNDtf4TXpVhVGateu0t918bl30FnbE2m4vNLX+VWe/dpjlb+HugGYzW7uQXH98HPEYw== }
    engines: { node: ">=4" }
    dev: true

  /has-flag@4.0.0:
    resolution:
      { integrity: sha512-EykJT/Q1KjTWctppgIAgfSO0tKVuZUjhgMr17kqTumMl6Afv3EISleU7qZUzoXDFTAHTDC4NOoG/ZxU3EvlMPQ== }
    engines: { node: ">=8" }
    dev: true

  /html-validate@8.7.4:
    resolution:
      { integrity: sha512-f/s2z4hAmXY2nI001vje7s1lhV4PnyzOc0CkH5akwyydZgdq3umx3/kumdnGZQbsXYIED8nzK24vxJu9t/UO1w== }
    engines: { node: ">= 16.14" }
    hasBin: true
    peerDependencies:
      jest: ^27.1 || ^28.1.3 || ^29.0.3
      jest-diff: ^27.1 || ^28.1.3 || ^29.0.3
      jest-snapshot: ^27.1 || ^28.1.3 || ^29.0.3
      vitest: ^0.34 || ^1
    peerDependenciesMeta:
      jest:
        optional: true
      jest-diff:
        optional: true
      jest-snapshot:
        optional: true
      vitest:
        optional: true
    dependencies:
      "@babel/code-frame": 7.23.5
      "@html-validate/stylish": 4.2.0
      "@sidvind/better-ajv-errors": 2.1.3(ajv@8.12.0)
      ajv: 8.12.0
      deepmerge: 4.3.1
      glob: 10.3.10
      ignore: 5.3.0
      kleur: 4.1.5
      minimist: 1.2.8
      prompts: 2.4.2
      semver: 7.5.4
    dev: true

  /ignore@5.3.0:
    resolution:
      { integrity: sha512-g7dmpshy+gD7mh88OC9NwSGTKoc3kyLAZQRU1mt53Aw/vnvfXnbC+F/7F7QoYVKbV+KNvJx8wArewKy1vXMtlg== }
    engines: { node: ">= 4" }
    dev: true

  /is-fullwidth-code-point@3.0.0:
    resolution:
      { integrity: sha512-zymm5+u+sCsSWyD9qNaejV3DFvhCKclKdizYaJUuHA83RLjb7nSuGnddCHGv0hk+KY7BMAlsWeK4Ueg6EV6XQg== }
    engines: { node: ">=8" }
    dev: true

  /isexe@2.0.0:
    resolution:
      { integrity: sha512-RHxMLp9lnKHGHRng9QFhRCMbYAcVpn69smSGcq3f36xjgVVWThj4qqLbTLlq7Ssj8B+fIQ1EuCEGI2lKsyQeIw== }
    dev: true

  /jackspeak@2.3.6:
    resolution:
      { integrity: sha512-N3yCS/NegsOBokc8GAdM8UcmfsKiSS8cipheD/nivzr700H+nsMOxJjQnvwOcRYVuFkdH0wGUvW2WbXGmrZGbQ== }
    engines: { node: ">=14" }
    dependencies:
      "@isaacs/cliui": 8.0.2
    optionalDependencies:
      "@pkgjs/parseargs": 0.11.0
    dev: true

  /js-tokens@4.0.0:
    resolution:
      { integrity: sha512-RdJUflcE3cUzKiMqQgsCu06FPu9UdIJO0beYbPhHN4k6apgJtifcoCtT9bcxOpYBtpD2kCM6Sbzg4CausW/PKQ== }
    dev: true

  /json-schema-traverse@1.0.0:
    resolution:
      { integrity: sha512-NM8/P9n3XjXhIZn1lLhkFaACTOURQXjWhV4BA/RnOv8xvgqtqpAX9IO4mRQxSx1Rlo4tqzeqb0sOlruaOy3dug== }
    dev: true

  /kleur@3.0.3:
    resolution:
      { integrity: sha512-eTIzlVOSUR+JxdDFepEYcBMtZ9Qqdef+rnzWdRZuMbOywu5tO2w2N7rqjoANZ5k9vywhL6Br1VRjUIgTQx4E8w== }
    engines: { node: ">=6" }
    dev: true

  /kleur@4.1.5:
    resolution:
      { integrity: sha512-o+NO+8WrRiQEE4/7nwRJhN1HWpVmJm511pBHUxPLtp0BUISzlBplORYSmTclCnJvQq2tKu/sgl3xVpkc7ZWuQQ== }
    engines: { node: ">=6" }
    dev: true

  /lru-cache@10.1.0:
    resolution:
      { integrity: sha512-/1clY/ui8CzjKFyjdvwPWJUYKiFVXG2I2cY0ssG7h4+hwk+XOIX7ZSG9Q7TW8TW3Kp3BUSqgFWBLgL4PJ+Blag== }
    engines: { node: 14 || >=16.14 }
    dev: true

  /lru-cache@6.0.0:
    resolution:
      { integrity: sha512-Jo6dJ04CmSjuznwJSS3pUeWmd/H0ffTlkXXgwZi+eq1UCmqQwCh+eLsYOYCwY991i2Fah4h1BEMCx4qThGbsiA== }
    engines: { node: ">=10" }
    dependencies:
      yallist: 4.0.0
    dev: true

  /minimatch@9.0.3:
    resolution:
      { integrity: sha512-RHiac9mvaRw0x3AYRgDC1CxAP7HTcNrrECeA8YYJeWnpo+2Q5CegtZjaotWTWxDG3UeGA1coE05iH1mPjT/2mg== }
    engines: { node: ">=16 || 14 >=14.17" }
    dependencies:
      brace-expansion: 2.0.1
    dev: true

  /minimist@1.2.8:
    resolution:
      { integrity: sha512-2yyAR8qBkN3YuheJanUpWC5U3bb5osDywNB8RzDVlDwDHbocAJveqqj1u8+SVD7jkWT4yvsHCpWqqWqAxb0zCA== }
    dev: true

  /minipass@7.0.4:
    resolution:
      { integrity: sha512-jYofLM5Dam9279rdkWzqHozUo4ybjdZmCsDHePy5V/PbBcVMiSZR97gmAy45aqi8CK1lG2ECd356FU86avfwUQ== }
    engines: { node: ">=16 || 14 >=14.17" }
    dev: true

  /path-key@3.1.1:
    resolution:
      { integrity: sha512-ojmeN0qd+y0jszEtoY48r0Peq5dwMEkIlCOu6Q5f41lfkswXuKtYrhgoTpLnyIcHm24Uhqx+5Tqm2InSwLhE6Q== }
    engines: { node: ">=8" }
    dev: true

  /path-scurry@1.10.1:
    resolution:
      { integrity: sha512-MkhCqzzBEpPvxxQ71Md0b1Kk51W01lrYvlMzSUaIzNsODdd7mqhiimSZlr+VegAz5Z6Vzt9Xg2ttE//XBhH3EQ== }
    engines: { node: ">=16 || 14 >=14.17" }
    dependencies:
      lru-cache: 10.1.0
      minipass: 7.0.4
    dev: true

  /prompts@2.4.2:
    resolution:
      { integrity: sha512-NxNv/kLguCA7p3jE8oL2aEBsrJWgAakBpgmgK6lpPWV+WuOmY6r2/zbAVnP+T8bQlA0nzHXSJSJW0Hq7ylaD2Q== }
    engines: { node: ">= 6" }
    dependencies:
      kleur: 3.0.3
      sisteransi: 1.0.5
    dev: true

  /punycode@2.3.1:
    resolution:
      { integrity: sha512-vYt7UD1U9Wg6138shLtLOvdAu+8DsC/ilFtEVHcH+wydcSpNE20AfSOduf6MkRFahL5FY7X1oU7nKVZFtfq8Fg== }
    engines: { node: ">=6" }
    dev: true

  /require-from-string@2.0.2:
    resolution:
      { integrity: sha512-Xf0nWe6RseziFMu+Ap9biiUbmplq6S9/p+7w7YXP/JBHhrUDDUhwa+vANyubuqfZWTveU//DYVGsDG7RKL/vEw== }
    engines: { node: ">=0.10.0" }
    dev: true

  /semver@7.5.4:
    resolution:
      { integrity: sha512-1bCSESV6Pv+i21Hvpxp3Dx+pSD8lIPt8uVjRrxAUt/nbswYc+tK6Y2btiULjd4+fnq15PX+nqQDC7Oft7WkwcA== }
    engines: { node: ">=10" }
    hasBin: true
    dependencies:
      lru-cache: 6.0.0
    dev: true

  /shebang-command@2.0.0:
    resolution:
      { integrity: sha512-kHxr2zZpYtdmrN1qDjrrX/Z1rR1kG8Dx+gkpK1G4eXmvXswmcE1hTWBWYUzlraYw1/yZp6YuDY77YtvbN0dmDA== }
    engines: { node: ">=8" }
    dependencies:
      shebang-regex: 3.0.0
    dev: true

  /shebang-regex@3.0.0:
    resolution:
      { integrity: sha512-7++dFhtcx3353uBaq8DDR4NuxBetBzC7ZQOhmTQInHEd6bSrXdiEyzCvG07Z44UYdLShWUyXt5M/yhz8ekcb1A== }
    engines: { node: ">=8" }
    dev: true

  /signal-exit@4.1.0:
    resolution:
      { integrity: sha512-bzyZ1e88w9O1iNJbKnOlvYTrWPDl46O1bG0D3XInv+9tkPrxrN8jUUTiFlDkkmKWgn1M6CfIA13SuGqOa9Korw== }
    engines: { node: ">=14" }
    dev: true

  /sisteransi@1.0.5:
    resolution:
      { integrity: sha512-bLGGlR1QxBcynn2d5YmDX4MGjlZvy2MRBDRNHLJ8VI6l6+9FUiyTFNJ0IveOSP0bcXgVDPRcfGqA0pjaqUpfVg== }
    dev: true

  /string-width@4.2.3:
    resolution:
      { integrity: sha512-wKyQRQpjJ0sIp62ErSZdGsjMJWsap5oRNihHhu6G7JVO/9jIB6UyevL+tXuOqrng8j/cxKTWyWUwvSTriiZz/g== }
    engines: { node: ">=8" }
    dependencies:
      emoji-regex: 8.0.0
      is-fullwidth-code-point: 3.0.0
      strip-ansi: 6.0.1
    dev: true

  /string-width@5.1.2:
    resolution:
      { integrity: sha512-HnLOCR3vjcY8beoNLtcjZ5/nxn2afmME6lhrDrebokqMap+XbeW8n9TXpPDOqdGK5qcI3oT0GKTW6wC7EMiVqA== }
    engines: { node: ">=12" }
    dependencies:
      eastasianwidth: 0.2.0
      emoji-regex: 9.2.2
      strip-ansi: 7.1.0
    dev: true

  /strip-ansi@6.0.1:
    resolution:
      { integrity: sha512-Y38VPSHcqkFrCpFnQ9vuSXmquuv5oXOKpGeT6aGrr3o3Gc9AlVa6JBfUSOCnbxGGZF+/0ooI7KrPuUSztUdU5A== }
    engines: { node: ">=8" }
    dependencies:
      ansi-regex: 5.0.1
    dev: true

  /strip-ansi@7.1.0:
    resolution:
      { integrity: sha512-iq6eVVI64nQQTRYq2KtEg2d2uU7LElhTJwsH4YzIHZshxlgZms/wIc4VoDQTlG/IvVIrBKG06CrZnp0qv7hkcQ== }
    engines: { node: ">=12" }
    dependencies:
      ansi-regex: 6.0.1
    dev: true

  /supports-color@5.5.0:
    resolution:
      { integrity: sha512-QjVjwdXIt408MIiAqCX4oUKsgU2EqAGzs2Ppkm4aQYbjm+ZEWEcW4SfFNTr4uMNZma0ey4f5lgLrkB0aX0QMow== }
    engines: { node: ">=4" }
    dependencies:
      has-flag: 3.0.0
    dev: true

  /supports-color@7.2.0:
    resolution:
      { integrity: sha512-qpCAvRl9stuOHveKsn7HncJRvv501qIacKzQlO/+Lwxc9+0q2wLyv4Dfvt80/DPn2pqOBsJdDiogXGR9+OvwRw== }
    engines: { node: ">=8" }
    dependencies:
      has-flag: 4.0.0
    dev: true

  /typescript@5.3.3:
    resolution:
      { integrity: sha512-pXWcraxM0uxAS+tN0AG/BF2TyqmHO014Z070UsJ+pFvYuRSq8KH8DmWpnbXe0pEPDHXZV3FcAbJkijJ5oNEnWw== }
    engines: { node: ">=14.17" }
    hasBin: true
    dev: true

  /uri-js@4.4.1:
    resolution:
      { integrity: sha512-7rKUyy33Q1yc98pQ1DAmLtwX109F7TIfWlW1Ydo8Wl1ii1SeHieeh0HHfPeL2fMXK6z0s8ecKs9frCuLJvndBg== }
    dependencies:
      punycode: 2.3.1
    dev: true

  /which@2.0.2:
    resolution:
      { integrity: sha512-BLI3Tl1TW3Pvl70l3yq3Y64i+awpwXqsGBYWkkqMtnbXgrMD+yj7rhW0kuEDxzJaYXGjEW5ogapKNMEKNMjibA== }
    engines: { node: ">= 8" }
    hasBin: true
    dependencies:
      isexe: 2.0.0
    dev: true

  /wrap-ansi@7.0.0:
    resolution:
      { integrity: sha512-YVGIj2kamLSTxw6NsZjoBxfSwsn0ycdesmc4p+Q21c5zPuZ1pl+NfxVdxPtdHvmNVOQ6XSYG4AUtyt/Fi7D16Q== }
    engines: { node: ">=10" }
    dependencies:
      ansi-styles: 4.3.0
      string-width: 4.2.3
      strip-ansi: 6.0.1
    dev: true

  /wrap-ansi@8.1.0:
    resolution:
      { integrity: sha512-si7QWI6zUMq56bESFvagtmzMdGOtoxfR+Sez11Mobfc7tm+VkUckk9bW2UeffTGVUbOksxmSw0AA2gs8g71NCQ== }
    engines: { node: ">=12" }
    dependencies:
      ansi-styles: 6.2.1
      string-width: 5.1.2
      strip-ansi: 7.1.0
    dev: true

  /yallist@4.0.0:
    resolution:
      { integrity: sha512-3wdGidZyq5PB084XLES5TpOSRA3wjXAlIWMhum2kRcv/41Sn2emQ0dycQW4uZXLejwKvg6EsvbdlVL+FYEct7A== }
    dev: true
