{
  "lockfile-version": 1,
  "manifest": {
    "version": 1,
    "install": {
      "protobuf": {
        "pkg-path": "protobuf",
        "version": "29.2"
      },
      "python3": {
        "pkg-path": "python312"
      }
    },
    "hook": {
      "on-activate": "  # Autogenerated by Flox\n\n  # Setup a Python virtual environment\n\n  export PYTHON_DIR=\"$FLOX_ENV_CACHE/python\"\n  if [ ! -d \"$PYTHON_DIR\" ]; then\n    echo \"Creating python virtual environment in $PYTHON_DIR\"\n    python -m venv \"$PYTHON_DIR\"\n  fi\n\n  # Activate venv and install packages in a subshell so\n  # that the venv can be freshly activated in the profile section.\n  # (The --quiet flag originally proposed by Flox was removed, for clarity.)\n  (\n    source \"$PYTHON_DIR/bin/activate\"\n    pip install -r \"$FLOX_ENV_PROJECT/requirements.txt\"\n  )\n\n  # End autogenerated by Flox\n"
    },
    "profile": {
      "bash": "  # Autogenerated by Flox\n\n  echo \"Activating python virtual environment\" >&2\n  source \"$PYTHON_DIR/bin/activate\"\n\n  # End autogenerated by Flox\n",
      "zsh": "  # Autogenerated by Flox\n\n  echo \"Activating python virtual environment\" >&2\n  source \"$PYTHON_DIR/bin/activate\"\n\n  # End autogenerated by Flox\n",
      "fish": "  # Autogenerated by Flox\n\n  echo \"Activating python virtual environment\" >&2\n  source \"$PYTHON_DIR/bin/activate.fish\"\n\n  # End autogenerated by Flox\n",
      "tcsh": "  # Autogenerated by Flox\n\n  echo \"Activating python virtual environment\" >&2\n  source \"$PYTHON_DIR/bin/activate.csh\"\n\n  # End autogenerated by Flox\n"
    },
    "options": {
      "systems": [
        "aarch64-darwin",
        "aarch64-linux",
        "x86_64-darwin",
        "x86_64-linux"
      ],
      "allow": {
        "licenses": []
      },
      "semver": {}
    }
  },
  "packages": [
    {
      "attr_path": "protobuf",
      "broken": false,
      "derivation": "/nix/store/5biik4lz9fgsgbl0zf5d9qj5zxjbmqk2-protobuf-29.2.drv",
      "description": "Google's data interchange format",
      "install_id": "protobuf",
      "license": "BSD-3-Clause",
      "locked_url": "https://github.com/flox/nixpkgs?rev=799ba5bffed04ced7067a91798353d360788b30d",
      "name": "protobuf-29.2",
      "pname": "protobuf",
      "rev": "799ba5bffed04ced7067a91798353d360788b30d",
      "rev_count": 747653,
      "rev_date": "2025-02-04T14:46:40Z",
      "scrape_date": "2025-02-05T00:30:07Z",
      "stabilities": [
        "staging",
        "unstable"
      ],
      "unfree": false,
      "version": "29.2",
      "outputs_to_install": [
        "out"
      ],
      "outputs": {
        "out": "/nix/store/rf1k2r8bh34i23za7w9g5nf459sldbb5-protobuf-29.2"
      },
      "system": "aarch64-darwin",
      "group": "toplevel",
      "priority": 5
    },
    {
      "attr_path": "protobuf",
      "broken": false,
      "derivation": "/nix/store/gyh22g7yaa82qgkmpf9vskwcnphwilzg-protobuf-29.2.drv",
      "description": "Google's data interchange format",
      "install_id": "protobuf",
      "license": "BSD-3-Clause",
      "locked_url": "https://github.com/flox/nixpkgs?rev=799ba5bffed04ced7067a91798353d360788b30d",
      "name": "protobuf-29.2",
      "pname": "protobuf",
      "rev": "799ba5bffed04ced7067a91798353d360788b30d",
      "rev_count": 747653,
      "rev_date": "2025-02-04T14:46:40Z",
      "scrape_date": "2025-02-05T00:30:07Z",
      "stabilities": [
        "staging",
        "unstable"
      ],
      "unfree": false,
      "version": "29.2",
      "outputs_to_install": [
        "out"
      ],
      "outputs": {
        "out": "/nix/store/b0lnp9h1i5jv43nw1qyvb8xdyck3x2v2-protobuf-29.2"
      },
      "system": "aarch64-linux",
      "group": "toplevel",
      "priority": 5
    },
    {
      "attr_path": "protobuf",
      "broken": false,
      "derivation": "/nix/store/5gkcqih18jc2bh3qj2rb54jhqghx1lrq-protobuf-29.2.drv",
      "description": "Google's data interchange format",
      "install_id": "protobuf",
      "license": "BSD-3-Clause",
      "locked_url": "https://github.com/flox/nixpkgs?rev=799ba5bffed04ced7067a91798353d360788b30d",
      "name": "protobuf-29.2",
      "pname": "protobuf",
      "rev": "799ba5bffed04ced7067a91798353d360788b30d",
      "rev_count": 747653,
      "rev_date": "2025-02-04T14:46:40Z",
      "scrape_date": "2025-02-05T00:30:07Z",
      "stabilities": [
        "staging",
        "unstable"
      ],
      "unfree": false,
      "version": "29.2",
      "outputs_to_install": [
        "out"
      ],
      "outputs": {
        "out": "/nix/store/c97xv0vszx2g81d9339ndqf72z3ji6hy-protobuf-29.2"
      },
      "system": "x86_64-darwin",
      "group": "toplevel",
      "priority": 5
    },
    {
      "attr_path": "protobuf",
      "broken": false,
      "derivation": "/nix/store/md04plaig6zkp14gi456drm1wykac3ya-protobuf-29.2.drv",
      "description": "Google's data interchange format",
      "install_id": "protobuf",
      "license": "BSD-3-Clause",
      "locked_url": "https://github.com/flox/nixpkgs?rev=799ba5bffed04ced7067a91798353d360788b30d",
      "name": "protobuf-29.2",
      "pname": "protobuf",
      "rev": "799ba5bffed04ced7067a91798353d360788b30d",
      "rev_count": 747653,
      "rev_date": "2025-02-04T14:46:40Z",
      "scrape_date": "2025-02-05T00:30:07Z",
      "stabilities": [
        "staging",
        "unstable"
      ],
      "unfree": false,
      "version": "29.2",
      "outputs_to_install": [
        "out"
      ],
      "outputs": {
        "out": "/nix/store/r4k147v919pir4fj74in3axcbma03793-protobuf-29.2"
      },
      "system": "x86_64-linux",
      "group": "toplevel",
      "priority": 5
    },
    {
      "attr_path": "python312",
      "broken": false,
      "derivation": "/nix/store/3l02ibvbim50yrmplj2gd6q9k4bnv00h-python3-3.12.8.drv",
      "description": "High-level dynamically-typed programming language",
      "install_id": "python3",
      "license": "Python-2.0",
      "locked_url": "https://github.com/flox/nixpkgs?rev=799ba5bffed04ced7067a91798353d360788b30d",
      "name": "python3-3.12.8",
      "pname": "python312",
      "rev": "799ba5bffed04ced7067a91798353d360788b30d",
      "rev_count": 747653,
      "rev_date": "2025-02-04T14:46:40Z",
      "scrape_date": "2025-02-05T00:30:07Z",
      "stabilities": [
        "staging",
        "unstable"
      ],
      "unfree": false,
      "version": "python3-3.12.8",
      "outputs_to_install": [
        "out"
      ],
      "outputs": {
        "out": "/nix/store/ffxlyz7jrxxyxg70cn3h961lr91lan2j-python3-3.12.8"
      },
      "system": "aarch64-darwin",
      "group": "toplevel",
      "priority": 5
    },
    {
      "attr_path": "python312",
      "broken": false,
      "derivation": "/nix/store/i8fq977q7gr33lnbh4x7pfns2lzlf3vv-python3-3.12.8.drv",
      "description": "High-level dynamically-typed programming language",
      "install_id": "python3",
      "license": "Python-2.0",
      "locked_url": "https://github.com/flox/nixpkgs?rev=799ba5bffed04ced7067a91798353d360788b30d",
      "name": "python3-3.12.8",
      "pname": "python312",
      "rev": "799ba5bffed04ced7067a91798353d360788b30d",
      "rev_count": 747653,
      "rev_date": "2025-02-04T14:46:40Z",
      "scrape_date": "2025-02-05T00:30:07Z",
      "stabilities": [
        "staging",
        "unstable"
      ],
      "unfree": false,
      "version": "python3-3.12.8",
      "outputs_to_install": [
        "out"
      ],
      "outputs": {
        "debug": "/nix/store/zgss40jlwqkb22z37bi8nb3jwg28sj10-python3-3.12.8-debug",
        "out": "/nix/store/p3nlssl5qqib5kysa30mqzzzp364z6fb-python3-3.12.8"
      },
      "system": "aarch64-linux",
      "group": "toplevel",
      "priority": 5
    },
    {
      "attr_path": "python312",
      "broken": false,
      "derivation": "/nix/store/mxwwxflkwcaj30048cgk3i853fhbbrji-python3-3.12.8.drv",
      "description": "High-level dynamically-typed programming language",
      "install_id": "python3",
      "license": "Python-2.0",
      "locked_url": "https://github.com/flox/nixpkgs?rev=799ba5bffed04ced7067a91798353d360788b30d",
      "name": "python3-3.12.8",
      "pname": "python312",
      "rev": "799ba5bffed04ced7067a91798353d360788b30d",
      "rev_count": 747653,
      "rev_date": "2025-02-04T14:46:40Z",
      "scrape_date": "2025-02-05T00:30:07Z",
      "stabilities": [
        "staging",
        "unstable"
      ],
      "unfree": false,
      "version": "python3-3.12.8",
      "outputs_to_install": [
        "out"
      ],
      "outputs": {
        "out": "/nix/store/45g1q2ama4j033d5qi2lgfzy1xmagnmf-python3-3.12.8"
      },
      "system": "x86_64-darwin",
      "group": "toplevel",
      "priority": 5
    },
    {
      "attr_path": "python312",
      "broken": false,
      "derivation": "/nix/store/vayn2kdmslggnm005zxr7r67hfbzi4jh-python3-3.12.8.drv",
      "description": "High-level dynamically-typed programming language",
      "install_id": "python3",
      "license": "Python-2.0",
      "locked_url": "https://github.com/flox/nixpkgs?rev=799ba5bffed04ced7067a91798353d360788b30d",
      "name": "python3-3.12.8",
      "pname": "python312",
      "rev": "799ba5bffed04ced7067a91798353d360788b30d",
      "rev_count": 747653,
      "rev_date": "2025-02-04T14:46:40Z",
      "scrape_date": "2025-02-05T00:30:07Z",
      "stabilities": [
        "staging",
        "unstable"
      ],
      "unfree": false,
      "version": "python3-3.12.8",
      "outputs_to_install": [
        "out"
      ],
      "outputs": {
        "debug": "/nix/store/yg7pavnh3hhw0lwfm9c4jr9yi3rq8h4r-python3-3.12.8-debug",
        "out": "/nix/store/qrc496n6fsqp4p5m5h8wmw5d5jwyw5mr-python3-3.12.8"
      },
      "system": "x86_64-linux",
      "group": "toplevel",
      "priority": 5
    }
  ]
}