{
  "lockfile-version": 1,
  "manifest": {
    "version": 1,
    "install": {
      "python3": {
        "pkg-path": "python312"
      }
    },
    "hook": {
      "on-activate": "  # Autogenerated by Flox\n\n  # Setup a Python virtual environment\n\n  export PYTHON_DIR=\"$FLOX_ENV_CACHE/python\"\n  if [ ! -d \"$PYTHON_DIR\" ]; then\n    echo \"Creating python virtual environment in $PYTHON_DIR\"\n    python -m venv \"$PYTHON_DIR\"\n  fi\n\n  # Activate venv and install packages in a subshell so\n  # that the venv can be freshly activated in the profile section.\n  # (The --quiet flag originally proposed by Flox was removed, for clarity.)\n  (\n    source \"$PYTHON_DIR/bin/activate\"\n    pip install -r \"$FLOX_ENV_PROJECT/requirements.txt\"\n  )\n\n  # End autogenerated by Flox\n"
    },
    "profile": {
      "bash": "  # Autogenerated by Flox\n\n  echo \"Activating python virtual environment\" >&2\n  source \"$PYTHON_DIR/bin/activate\"\n\n  # End autogenerated by Flox\n",
      "zsh": "  # Autogenerated by Flox\n\n  echo \"Activating python virtual environment\" >&2\n  source \"$PYTHON_DIR/bin/activate\"\n\n  # End autogenerated by Flox\n",
      "fish": "  # Autogenerated by Flox\n\n  echo \"Activating python virtual environment\" >&2\n  source \"$PYTHON_DIR/bin/activate.fish\"\n\n  # End autogenerated by Flox\n",
      "tcsh": "  # Autogenerated by Flox\n\n  echo \"Activating python virtual environment\" >&2\n  source \"$PYTHON_DIR/bin/activate.csh\"\n\n  # End autogenerated by Flox\n"
    },
    "options": {
      "systems": [
        "aarch64-darwin",
        "aarch64-linux",
        "x86_64-darwin",
        "x86_64-linux"
      ],
      "allow": {
        "licenses": []
      },
      "semver": {}
    }
  },
  "packages": [
    {
      "attr_path": "python312",
      "broken": false,
      "derivation": "/nix/store/mdsmprmrjc24d5bf2xg5nsp03qix19fh-python3-3.12.9.drv",
      "description": "High-level dynamically-typed programming language",
      "install_id": "python3",
      "license": "Python-2.0",
      "locked_url": "https://github.com/flox/nixpkgs?rev=a84ebe20c6bc2ecbcfb000a50776219f48d134cc",
      "name": "python3-3.12.9",
      "pname": "python312",
      "rev": "a84ebe20c6bc2ecbcfb000a50776219f48d134cc",
      "rev_count": 770807,
      "rev_date": "2025-03-19T22:12:44Z",
      "scrape_date": "2025-03-22T01:09:15.046624Z",
      "stabilities": [
        "unstable"
      ],
      "unfree": false,
      "version": "python3-3.12.9",
      "outputs_to_install": [
        "out"
      ],
      "outputs": {
        "out": "/nix/store/ibnllhp7pc88kgcrxa2gddxcbyl0vngk-python3-3.12.9"
      },
      "system": "aarch64-darwin",
      "group": "toplevel",
      "priority": 5
    },
    {
      "attr_path": "python312",
      "broken": false,
      "derivation": "/nix/store/47wg9wf5x9lv03w38j45g6jkq7492bz0-python3-3.12.9.drv",
      "description": "High-level dynamically-typed programming language",
      "install_id": "python3",
      "license": "Python-2.0",
      "locked_url": "https://github.com/flox/nixpkgs?rev=a84ebe20c6bc2ecbcfb000a50776219f48d134cc",
      "name": "python3-3.12.9",
      "pname": "python312",
      "rev": "a84ebe20c6bc2ecbcfb000a50776219f48d134cc",
      "rev_count": 770807,
      "rev_date": "2025-03-19T22:12:44Z",
      "scrape_date": "2025-03-22T01:26:15.127488Z",
      "stabilities": [
        "unstable"
      ],
      "unfree": false,
      "version": "python3-3.12.9",
      "outputs_to_install": [
        "out"
      ],
      "outputs": {
        "debug": "/nix/store/61ksnhxna7vrh315zp36swz4563hfip3-python3-3.12.9-debug",
        "out": "/nix/store/69nij8d888s5nxm90bwmlza5v1pfniz5-python3-3.12.9"
      },
      "system": "aarch64-linux",
      "group": "toplevel",
      "priority": 5
    },
    {
      "attr_path": "python312",
      "broken": false,
      "derivation": "/nix/store/m216wld0xa07pb3kwhm5qf2vcxwcd8kp-python3-3.12.9.drv",
      "description": "High-level dynamically-typed programming language",
      "install_id": "python3",
      "license": "Python-2.0",
      "locked_url": "https://github.com/flox/nixpkgs?rev=a84ebe20c6bc2ecbcfb000a50776219f48d134cc",
      "name": "python3-3.12.9",
      "pname": "python312",
      "rev": "a84ebe20c6bc2ecbcfb000a50776219f48d134cc",
      "rev_count": 770807,
      "rev_date": "2025-03-19T22:12:44Z",
      "scrape_date": "2025-03-22T01:41:19.501074Z",
      "stabilities": [
        "unstable"
      ],
      "unfree": false,
      "version": "python3-3.12.9",
      "outputs_to_install": [
        "out"
      ],
      "outputs": {
        "out": "/nix/store/2gr2skg3m0hagibhmhn8fwpvgkg2a3sn-python3-3.12.9"
      },
      "system": "x86_64-darwin",
      "group": "toplevel",
      "priority": 5
    },
    {
      "attr_path": "python312",
      "broken": false,
      "derivation": "/nix/store/7migdv1gw3nv4dl921mk8algfllzricw-python3-3.12.9.drv",
      "description": "High-level dynamically-typed programming language",
      "install_id": "python3",
      "license": "Python-2.0",
      "locked_url": "https://github.com/flox/nixpkgs?rev=a84ebe20c6bc2ecbcfb000a50776219f48d134cc",
      "name": "python3-3.12.9",
      "pname": "python312",
      "rev": "a84ebe20c6bc2ecbcfb000a50776219f48d134cc",
      "rev_count": 770807,
      "rev_date": "2025-03-19T22:12:44Z",
      "scrape_date": "2025-03-22T01:59:34.881820Z",
      "stabilities": [
        "unstable"
      ],
      "unfree": false,
      "version": "python3-3.12.9",
      "outputs_to_install": [
        "out"
      ],
      "outputs": {
        "debug": "/nix/store/lax69b07pjgj4ahn4zild8vfqdavy9zm-python3-3.12.9-debug",
        "out": "/nix/store/wz0j2zi02rvnjiz37nn28h3gfdq61svz-python3-3.12.9"
      },
      "system": "x86_64-linux",
      "group": "toplevel",
      "priority": 5
    }
  ]
}